
Microsoft Visual Studio Solution File, Format Version 12.00
# Visual Studio Version 17
VisualStudioVersion = 17.5.33530.505
MinimumVisualStudioVersion = 10.0.40219.1
Project("{9A19103F-16F7-4668-BE54-9A1E7A4F7556}") = "RomanCalculator", "RomanCalculator\RomanCalculator.csproj", "{000F0733-30C5-4B29-A500-AA30515CA167}"
EndProject
Project("{9A19103F-16F7-4668-BE54-9A1E7A4F7556}") = "RomanCalculator.Test", "RomanCalculator.Test\RomanCalculator.Test.csproj", "{79019AE4-087B-472F-BD7B-C8635C4F0747}"
EndProject
Project("{FAE04EC0-301F-11D3-BF4B-00C04F79EFBC}") = "RomanCalculator.ConsoleTest", "RomanCalculator.ConsoleTest\RomanCalculator.ConsoleTest.csproj", "{9190AB43-8076-409C-BE04-0B2A1CD7F524}"
EndProject
Global
	GlobalSection(SolutionConfigurationPlatforms) = preSolution
		Debug|Any CPU = Debug|Any CPU
		Release|Any CPU = Release|Any CPU
	EndGlobalSection
	GlobalSection(ProjectConfigurationPlatforms) = postSolution
		{000F0733-30C5-4B29-A500-AA30515CA167}.Debug|Any CPU.ActiveCfg = Debug|Any CPU
		{000F0733-30C5-4B29-A500-AA30515CA167}.Debug|Any CPU.Build.0 = Debug|Any CPU
		{000F0733-30C5-4B29-A500-AA30515CA167}.Release|Any CPU.ActiveCfg = Release|Any CPU
		{000F0733-30C5-4B29-A500-AA30515CA167}.Release|Any CPU.Build.0 = Release|Any CPU
		{79019AE4-087B-472F-BD7B-C8635C4F0747}.Debug|Any CPU.ActiveCfg = Debug|Any CPU
		{79019AE4-087B-472F-BD7B-C8635C4F0747}.Debug|Any CPU.Build.0 = Debug|Any CPU
		{79019AE4-087B-472F-BD7B-C8635C4F0747}.Release|Any CPU.ActiveCfg = Release|Any CPU
		{79019AE4-087B-472F-BD7B-C8635C4F0747}.Release|Any CPU.Build.0 = Release|Any CPU
		{9190AB43-8076-409C-BE04-0B2A1CD7F524}.Debug|Any CPU.ActiveCfg = Debug|Any CPU
		{9190AB43-8076-409C-BE04-0B2A1CD7F524}.Debug|Any CPU.Build.0 = Debug|Any CPU
		{9190AB43-8076-409C-BE04-0B2A1CD7F524}.Release|Any CPU.ActiveCfg = Release|Any CPU
		{9190AB43-8076-409C-BE04-0B2A1CD7F524}.Release|Any CPU.Build.0 = Release|Any CPU
	EndGlobalSection
	GlobalSection(SolutionProperties) = preSolution
		HideSolutionNode = FALSE
	EndGlobalSection
	GlobalSection(ExtensibilityGlobals) = postSolution
		SolutionGuid = {A3942D0C-C8D5-4E05-883A-919C29650CF9}
	EndGlobalSection
EndGlobal
